
Microsoft Visual Studio Solution File, Format Version 12.00
# Visual Studio Version 16
VisualStudioVersion = 16.0.34301.259
MinimumVisualStudioVersion = 10.0.40219.1
Project("{FAE04EC0-301F-11D3-BF4B-00C04F79EFBC}") = "Girteka_ASP_Core MVC", "Girteka_ASP_Core MVC\Girteka_ASP_Core MVC.csproj", "{5EF95CC8-7CF9-4D7C-8072-7EA5A01D95FD}"
EndProject
Global
	GlobalSection(SolutionConfigurationPlatforms) = preSolution
		Debug|Any CPU = Debug|Any CPU
		Release|Any CPU = Release|Any CPU
	EndGlobalSection
	GlobalSection(ProjectConfigurationPlatforms) = postSolution
		{5EF95CC8-7CF9-4D7C-8072-7EA5A01D95FD}.Debug|Any CPU.ActiveCfg = Debug|Any CPU
		{5EF95CC8-7CF9-4D7C-8072-7EA5A01D95FD}.Debug|Any CPU.Build.0 = Debug|Any CPU
		{5EF95CC8-7CF9-4D7C-8072-7EA5A01D95FD}.Release|Any CPU.ActiveCfg = Release|Any CPU
		{5EF95CC8-7CF9-4D7C-8072-7EA5A01D95FD}.Release|Any CPU.Build.0 = Release|Any CPU
	EndGlobalSection
	GlobalSection(SolutionProperties) = preSolution
		HideSolutionNode = FALSE
	EndGlobalSection
	GlobalSection(ExtensibilityGlobals) = postSolution
		SolutionGuid = {752EB4F7-9969-4612-8CB2-B4F94F42F8D6}
	EndGlobalSection
EndGlobal
